
Microsoft Visual Studio Solution File, Format Version 12.00
# Visual Studio Version 16
VisualStudioVersion = 16.0.30907.101
MinimumVisualStudioVersion = 10.0.40219.1
Project("{9A19103F-16F7-4668-BE54-9A1E7A4F7556}") = "MetWorkingMatch.Presentation", "MetWorkingMatch.Presentation\MetWorkingMatch.Presentation.csproj", "{323B9CF4-3ED3-413A-8234-BBCC0782F9A1}"
EndProject
Project("{9A19103F-16F7-4668-BE54-9A1E7A4F7556}") = "MetWorkingMatch.Domain", "MetWorkingMatch.Domain\MetWorkingMatch.Domain.csproj", "{49EBE000-5C6C-408A-942A-35AC7B23CBCF}"
EndProject
Project("{9A19103F-16F7-4668-BE54-9A1E7A4F7556}") = "MetWorkingMatch.Infra", "MetWorkingMatch.Infra\MetWorkingMatch.Infra.csproj", "{11460FAC-1CD1-495D-9B60-8D8301F5DBCF}"
EndProject
Project("{9A19103F-16F7-4668-BE54-9A1E7A4F7556}") = "MetWorkingMatch.Application", "MetWorkingMatch.Application\MetWorkingMatch.Application.csproj", "{778F70A7-B5FD-4010-AD90-B882A7BC1294}"
EndProject
Project("{FAE04EC0-301F-11D3-BF4B-00C04F79EFBC}") = "MetWorkingMatch.Test", "MetWorkingMatch.Test\MetWorkingMatch.Test.csproj", "{82311189-45F9-4A62-B344-6BC0ACEFC6ED}"
EndProject
Global
	GlobalSection(SolutionConfigurationPlatforms) = preSolution
		Debug|Any CPU = Debug|Any CPU
		Release|Any CPU = Release|Any CPU
	EndGlobalSection
	GlobalSection(ProjectConfigurationPlatforms) = postSolution
		{323B9CF4-3ED3-413A-8234-BBCC0782F9A1}.Debug|Any CPU.ActiveCfg = Debug|Any CPU
		{323B9CF4-3ED3-413A-8234-BBCC0782F9A1}.Debug|Any CPU.Build.0 = Debug|Any CPU
		{323B9CF4-3ED3-413A-8234-BBCC0782F9A1}.Release|Any CPU.ActiveCfg = Release|Any CPU
		{323B9CF4-3ED3-413A-8234-BBCC0782F9A1}.Release|Any CPU.Build.0 = Release|Any CPU
		{49EBE000-5C6C-408A-942A-35AC7B23CBCF}.Debug|Any CPU.ActiveCfg = Debug|Any CPU
		{49EBE000-5C6C-408A-942A-35AC7B23CBCF}.Debug|Any CPU.Build.0 = Debug|Any CPU
		{49EBE000-5C6C-408A-942A-35AC7B23CBCF}.Release|Any CPU.ActiveCfg = Release|Any CPU
		{49EBE000-5C6C-408A-942A-35AC7B23CBCF}.Release|Any CPU.Build.0 = Release|Any CPU
		{11460FAC-1CD1-495D-9B60-8D8301F5DBCF}.Debug|Any CPU.ActiveCfg = Debug|Any CPU
		{11460FAC-1CD1-495D-9B60-8D8301F5DBCF}.Debug|Any CPU.Build.0 = Debug|Any CPU
		{11460FAC-1CD1-495D-9B60-8D8301F5DBCF}.Release|Any CPU.ActiveCfg = Release|Any CPU
		{11460FAC-1CD1-495D-9B60-8D8301F5DBCF}.Release|Any CPU.Build.0 = Release|Any CPU
		{778F70A7-B5FD-4010-AD90-B882A7BC1294}.Debug|Any CPU.ActiveCfg = Debug|Any CPU
		{778F70A7-B5FD-4010-AD90-B882A7BC1294}.Debug|Any CPU.Build.0 = Debug|Any CPU
		{778F70A7-B5FD-4010-AD90-B882A7BC1294}.Release|Any CPU.ActiveCfg = Release|Any CPU
		{778F70A7-B5FD-4010-AD90-B882A7BC1294}.Release|Any CPU.Build.0 = Release|Any CPU
		{82311189-45F9-4A62-B344-6BC0ACEFC6ED}.Debug|Any CPU.ActiveCfg = Debug|Any CPU
		{82311189-45F9-4A62-B344-6BC0ACEFC6ED}.Debug|Any CPU.Build.0 = Debug|Any CPU
		{82311189-45F9-4A62-B344-6BC0ACEFC6ED}.Release|Any CPU.ActiveCfg = Release|Any CPU
		{82311189-45F9-4A62-B344-6BC0ACEFC6ED}.Release|Any CPU.Build.0 = Release|Any CPU
	EndGlobalSection
	GlobalSection(SolutionProperties) = preSolution
		HideSolutionNode = FALSE
	EndGlobalSection
	GlobalSection(ExtensibilityGlobals) = postSolution
		SolutionGuid = {3B1E376C-710B-465D-B4C5-3CADB0C94987}
	EndGlobalSection
EndGlobal
